
Microsoft Visual Studio Solution File, Format Version 12.00
# Visual Studio Version 16
VisualStudioVersion = 16.0.31205.134
MinimumVisualStudioVersion = 10.0.40219.1
Project("{FAE04EC0-301F-11D3-BF4B-00C04F79EFBC}") = "Entities", "Entities\Entities.csproj", "{3A931B97-2F35-4E2F-8293-E0D5E1DCC548}"
EndProject
Project("{FAE04EC0-301F-11D3-BF4B-00C04F79EFBC}") = "DataAccess", "DataAccess\DataAccess.csproj", "{7F7AB8E6-C229-413A-AFB2-F6E86235B5E7}"
EndProject
Project("{FAE04EC0-301F-11D3-BF4B-00C04F79EFBC}") = "Business", "Business\Business.csproj", "{13A0D7F7-BE60-4D47-B30E-CB6BBB1205F6}"
EndProject
Project("{FAE04EC0-301F-11D3-BF4B-00C04F79EFBC}") = "Core", "Core\Core.csproj", "{3243B7E0-1382-4BFB-87EB-29853EA637A3}"
EndProject
Project("{FAE04EC0-301F-11D3-BF4B-00C04F79EFBC}") = "WebAPI", "WebAPI\WebAPI.csproj", "{5C02CF47-AFB6-47FE-9AA3-D74441A642E3}"
EndProject
Global
	GlobalSection(SolutionConfigurationPlatforms) = preSolution
		Debug|Any CPU = Debug|Any CPU
		Release|Any CPU = Release|Any CPU
	EndGlobalSection
	GlobalSection(ProjectConfigurationPlatforms) = postSolution
		{3A931B97-2F35-4E2F-8293-E0D5E1DCC548}.Debug|Any CPU.ActiveCfg = Debug|Any CPU
		{3A931B97-2F35-4E2F-8293-E0D5E1DCC548}.Debug|Any CPU.Build.0 = Debug|Any CPU
		{3A931B97-2F35-4E2F-8293-E0D5E1DCC548}.Release|Any CPU.ActiveCfg = Release|Any CPU
		{3A931B97-2F35-4E2F-8293-E0D5E1DCC548}.Release|Any CPU.Build.0 = Release|Any CPU
		{7F7AB8E6-C229-413A-AFB2-F6E86235B5E7}.Debug|Any CPU.ActiveCfg = Debug|Any CPU
		{7F7AB8E6-C229-413A-AFB2-F6E86235B5E7}.Debug|Any CPU.Build.0 = Debug|Any CPU
		{7F7AB8E6-C229-413A-AFB2-F6E86235B5E7}.Release|Any CPU.ActiveCfg = Release|Any CPU
		{7F7AB8E6-C229-413A-AFB2-F6E86235B5E7}.Release|Any CPU.Build.0 = Release|Any CPU
		{13A0D7F7-BE60-4D47-B30E-CB6BBB1205F6}.Debug|Any CPU.ActiveCfg = Debug|Any CPU
		{13A0D7F7-BE60-4D47-B30E-CB6BBB1205F6}.Debug|Any CPU.Build.0 = Debug|Any CPU
		{13A0D7F7-BE60-4D47-B30E-CB6BBB1205F6}.Release|Any CPU.ActiveCfg = Release|Any CPU
		{13A0D7F7-BE60-4D47-B30E-CB6BBB1205F6}.Release|Any CPU.Build.0 = Release|Any CPU
		{3243B7E0-1382-4BFB-87EB-29853EA637A3}.Debug|Any CPU.ActiveCfg = Debug|Any CPU
		{3243B7E0-1382-4BFB-87EB-29853EA637A3}.Debug|Any CPU.Build.0 = Debug|Any CPU
		{3243B7E0-1382-4BFB-87EB-29853EA637A3}.Release|Any CPU.ActiveCfg = Release|Any CPU
		{3243B7E0-1382-4BFB-87EB-29853EA637A3}.Release|Any CPU.Build.0 = Release|Any CPU
		{5C02CF47-AFB6-47FE-9AA3-D74441A642E3}.Debug|Any CPU.ActiveCfg = Debug|Any CPU
		{5C02CF47-AFB6-47FE-9AA3-D74441A642E3}.Debug|Any CPU.Build.0 = Debug|Any CPU
		{5C02CF47-AFB6-47FE-9AA3-D74441A642E3}.Release|Any CPU.ActiveCfg = Release|Any CPU
		{5C02CF47-AFB6-47FE-9AA3-D74441A642E3}.Release|Any CPU.Build.0 = Release|Any CPU
	EndGlobalSection
	GlobalSection(SolutionProperties) = preSolution
		HideSolutionNode = FALSE
	EndGlobalSection
	GlobalSection(ExtensibilityGlobals) = postSolution
		SolutionGuid = {BDC6891B-FBFA-457C-BA26-D731DB93A42B}
	EndGlobalSection
EndGlobal
